PODS:
  - Flutter (1.0.0)
  - flutter_native_splash (0.0.1):
    - Flutter

DEPENDENCIES:
  - Flutter (from `Flutter`)
  - flutter_native_splash (from `.symlinks/plugins/flutter_native_splash/ios`)

EXTERNAL SOURCES:
  Flutter:
    :path: Flutter
  flutter_native_splash:
    :path: ".symlinks/plugins/flutter_native_splash/ios"

SPEC CHECKSUMS:
  Flutter: 71a624a5bc0c04062bf19101d501e466baf2fb47
  flutter_native_splash: edf599c81f74d093a4daf8e17bd7a018854bc778

PODFILE CHECKSUM: b6c1777b8742f73e5cdad8789e3d9f4d8eaca881

COCOAPODS: 1.16.2
